
Microsoft Visual Studio Solution File, Format Version 12.00
# Visual Studio Version 16
VisualStudioVersion = 16.0.33328.57
MinimumVisualStudioVersion = 10.0.40219.1
Project("{F184B08F-C81C-45F6-A57F-5ABD9991F28F}") = "VBActive_Taegis_Collectors_Auto1", "VBActive_Taegis_Collectors_Auto1.vbproj", "{E565D807-359F-48EA-85EE-8A907DE1E9B0}"
EndProject
Global
	GlobalSection(SolutionConfigurationPlatforms) = preSolution
		Debug|Any CPU = Debug|Any CPU
		Release|Any CPU = Release|Any CPU
	EndGlobalSection
	GlobalSection(ProjectConfigurationPlatforms) = postSolution
		{E565D807-359F-48EA-85EE-8A907DE1E9B0}.Debug|Any CPU.ActiveCfg = Debug|Any CPU
		{E565D807-359F-48EA-85EE-8A907DE1E9B0}.Debug|Any CPU.Build.0 = Debug|Any CPU
		{E565D807-359F-48EA-85EE-8A907DE1E9B0}.Release|Any CPU.ActiveCfg = Release|Any CPU
		{E565D807-359F-48EA-85EE-8A907DE1E9B0}.Release|Any CPU.Build.0 = Release|Any CPU
	EndGlobalSection
	GlobalSection(SolutionProperties) = preSolution
		HideSolutionNode = FALSE
	EndGlobalSection
	GlobalSection(ExtensibilityGlobals) = postSolution
		SolutionGuid = {07C401C0-59E5-49BD-803F-06F99EA040BF}
	EndGlobalSection
EndGlobal
