
Microsoft Visual Studio Solution File, Format Version 12.00
# Visual Studio Version 17
VisualStudioVersion = 17.10.35027.167
MinimumVisualStudioVersion = 10.0.40219.1
Project("{F184B08F-C81C-45F6-A57F-5ABD9991F28F}") = "VBActive_Taegis_Alerts", "VBActive_Taegis_Alerts.vbproj", "{19CA26D0-BDC1-4348-AA74-2B231CD041CC}"
EndProject
Project("{2150E333-8FDC-42A3-9474-1A3956D46DE8}") = "Solution Items", "Solution Items", "{116675B1-9931-4316-B860-4CABDBFE984E}"
EndProject
Global
	GlobalSection(SolutionConfigurationPlatforms) = preSolution
		Debug|Any CPU = Debug|Any CPU
		Release|Any CPU = Release|Any CPU
	EndGlobalSection
	GlobalSection(ProjectConfigurationPlatforms) = postSolution
		{19CA26D0-BDC1-4348-AA74-2B231CD041CC}.Debug|Any CPU.ActiveCfg = Debug|Any CPU
		{19CA26D0-BDC1-4348-AA74-2B231CD041CC}.Debug|Any CPU.Build.0 = Debug|Any CPU
		{19CA26D0-BDC1-4348-AA74-2B231CD041CC}.Release|Any CPU.ActiveCfg = Release|Any CPU
		{19CA26D0-BDC1-4348-AA74-2B231CD041CC}.Release|Any CPU.Build.0 = Release|Any CPU
	EndGlobalSection
	GlobalSection(SolutionProperties) = preSolution
		HideSolutionNode = FALSE
	EndGlobalSection
	GlobalSection(ExtensibilityGlobals) = postSolution
		SolutionGuid = {51DD45E5-E2F4-4353-928B-279CC1B9B295}
	EndGlobalSection
EndGlobal
