
Microsoft Visual Studio Solution File, Format Version 12.00
# Visual Studio Version 16
VisualStudioVersion = 16.0.33927.289
MinimumVisualStudioVersion = 10.0.40219.1
Project("{F184B08F-C81C-45F6-A57F-5ABD9991F28F}") = "VBActive_Taegis_Events", "VBActive_Taegis_Events.vbproj", "{A4BDD882-392D-4723-828E-4CD12FEBE0D8}"
EndProject
Global
	GlobalSection(SolutionConfigurationPlatforms) = preSolution
		Debug|Any CPU = Debug|Any CPU
		Release|Any CPU = Release|Any CPU
	EndGlobalSection
	GlobalSection(ProjectConfigurationPlatforms) = postSolution
		{A4BDD882-392D-4723-828E-4CD12FEBE0D8}.Debug|Any CPU.ActiveCfg = Debug|Any CPU
		{A4BDD882-392D-4723-828E-4CD12FEBE0D8}.Debug|Any CPU.Build.0 = Debug|Any CPU
		{A4BDD882-392D-4723-828E-4CD12FEBE0D8}.Release|Any CPU.ActiveCfg = Release|Any CPU
		{A4BDD882-392D-4723-828E-4CD12FEBE0D8}.Release|Any CPU.Build.0 = Release|Any CPU
	EndGlobalSection
	GlobalSection(SolutionProperties) = preSolution
		HideSolutionNode = FALSE
	EndGlobalSection
	GlobalSection(ExtensibilityGlobals) = postSolution
		SolutionGuid = {BDAAC768-C3C3-41E4-835C-1B8D820CB014}
	EndGlobalSection
EndGlobal
